<Solution>
  <Configurations>
    <Platform Name="ARM" />
    <Platform Name="ARM64" />
    <Platform Name="x64" />
    <Platform Name="x86" />
  </Configurations>
  <Project Path="hypercube_gtk/hypercube_gtk.vcxproj" Id="ba55e234-613a-4293-985c-66cc4d3f21a0">
    <Platform Solution="*|x86" Project="x86" />
    <Deploy />
  </Project>
</Solution>
